
<Solution>
  <Folder Name="/Solution Items/">
    <File Path="../CLAUDE.md" />
    <File Path="../LICENSE" />
    <File Path="../README.md" />
    <File Path="../version.json" />
    <File Path="Directory.Build.props" />
    <File Path="Directory.Packages.props" />
    <File Path="NuGet.config" />
  </Folder>
  <Folder Name="/Examples/">
    <Project Path="Examples/ManualRegistrationExample/ManualRegistrationExample.csproj" />
    <Project Path="Examples/ManualRegistrationWithPluginExample/ManualRegistrationWithPluginExample.csproj" Id="d09d5b82-e112-491d-b702-c0a9a236722a" />
    <Project Path="Examples/ManualScrutorRegistrationExample/ManualScrutorRegistrationExample.csproj" />
    <Project Path="Examples/MinimalWebApi/MinimalWebApi.csproj" />
    <Project Path="Examples/PostPluginCallbackExample/PostPluginCallbackExample.csproj" />
    <Project Path="Examples/SimpleSemanticKernelApp/SimpleSemanticKernelApp.csproj" Id="781f9847-f3e7-4db1-807e-9450a5debed8" />
    <Project Path="Examples\AspNetCoreApp1\AspNetCoreApp1.csproj" />
  </Folder>
  <SolutionItems>
    <File Path="Directory.Packages.props" />
    <File Path="NuGet.config" />
  </SolutionItems>
  <Folder Name="/Tests/">
    <Project Path="NexusLabs.Needlr.AspNet.Tests\NexusLabs.Needlr.AspNet.Tests.csproj" />
    <Project Path="NexusLabs.Needlr.Carter.Tests\NexusLabs.Needlr.Carter.Tests.csproj" />
    <Project Path="NexusLabs.Needlr.Extensions.Logging.Tests\NexusLabs.Needlr.Extensions.Logging.Tests.csproj" />
    <Project Path="NexusLabs.Needlr.Injection.Scrutor.Tests\NexusLabs.Needlr.Injection.Scrutor.Tests.csproj" />
    <Project Path="NexusLabs.Needlr.Injection.Tests\NexusLabs.Needlr.Injection.Tests.csproj" />
    <Project Path="NexusLabs.Needlr.IntegrationTests/NexusLabs.Needlr.IntegrationTests.csproj" Id="7e0b2760-1fc3-4359-bbc6-88c91b87ac82" />
    <Project Path="NexusLabs.Needlr.SignalR.Tests\NexusLabs.Needlr.SignalR.Tests.csproj" />
    <Project Path="NexusLabs.Needlr.Tests\NexusLabs.Needlr.Tests.csproj" />
  </Folder>
  <Project Path="NexusLabs.Needlr.AspNet\NexusLabs.Needlr.AspNet.csproj" />
  <Project Path="NexusLabs.Needlr.Carter\NexusLabs.Needlr.Carter.csproj" />
  <Project Path="NexusLabs.Needlr.Extensions.Configuration/NexusLabs.Needlr.Extensions.Configuration.csproj" />
  <Project Path="NexusLabs.Needlr.Extensions.Logging\NexusLabs.Needlr.Extensions.Logging.csproj" />
  <Project Path="NexusLabs.Needlr.Injection.Scrutor\NexusLabs.Needlr.Injection.Scrutor.csproj" />
  <Project Path="NexusLabs.Needlr.Injection\NexusLabs.Needlr.Injection.csproj" />
  <Project Path="NexusLabs.Needlr.SemanticKernel/NexusLabs.Needlr.SemanticKernel.csproj" Id="e695dd52-abed-44e2-9bb8-81db4321afa5" />
  <Project Path="NexusLabs.Needlr.SignalR\NexusLabs.Needlr.SignalR.csproj" />
  <Project Path="NexusLabs.Needlr\NexusLabs.Needlr.csproj" />
</Solution>