
<Solution>
  <Folder Name="/Analyzers/">
    <Project Path="NexusLabs.Needlr.Analyzers/NexusLabs.Needlr.Analyzers.csproj" />
  </Folder>
  <Folder Name="/Examples/" />
  <Folder Name="/Examples/SourceGen/">
    <Project Path="Examples/SourceGen/AotSourceGenApp/AotSourceGenApp.csproj" />
    <Project Path="Examples/SourceGen/AotSourceGenPlugin/AotSourceGenPlugin.csproj" />
    <Project Path="Examples/SourceGen/AotSourceGenConsoleApp/AotSourceGenConsoleApp.csproj" />
    <Project Path="Examples/SourceGen/AotSourceGenConsolePlugin/AotSourceGenConsolePlugin.csproj" />
    <Project Path="Examples/SourceGen/MinimalWebApiSourceGen/MinimalWebApiSourceGen.csproj" />
  </Folder>
  <Folder Name="/Examples/Reflection/">
    <Project Path="Examples/Reflection/AspNetCoreApp1/AspNetCoreApp1.csproj" />
    <Project Path="Examples/Reflection/ManualRegistrationExample/ManualRegistrationExample.csproj" />
    <Project Path="Examples/Reflection/ManualRegistrationWithPluginExample/ManualRegistrationWithPluginExample.csproj" />
    <Project Path="Examples/Reflection/ManualScrutorRegistrationExample/ManualScrutorRegistrationExample.csproj" />
    <Project Path="Examples/Reflection/MinimalWebApi/MinimalWebApi.csproj" />
    <Project Path="Examples/Reflection/PostPluginCallbackExample/PostPluginCallbackExample.csproj" />
  </Folder>
  <Folder Name="/Examples/SemanticKernel/">
    <Project Path="Examples/SemanticKernel/SimpleSemanticKernelApp/SimpleSemanticKernelApp.csproj" />
  </Folder>
  <Folder Name="/Solution Items/">
    <File Path="../CLAUDE.md" />
    <File Path="../LICENSE" />
    <File Path="../README.md" />
    <File Path="../version.json" />
    <File Path="Directory.Build.props" />
    <File Path="Directory.Packages.props" />
    <File Path="NuGet.config" />
  </Folder>
  <Folder Name="/Tests/">
    <Project Path="NexusLabs.Needlr.Analyzers.Tests/NexusLabs.Needlr.Analyzers.Tests.csproj" />
    <Project Path="NexusLabs.Needlr.AspNet.Tests/NexusLabs.Needlr.AspNet.Tests.csproj" />
    <Project Path="NexusLabs.Needlr.Carter.Tests/NexusLabs.Needlr.Carter.Tests.csproj" />
    <Project Path="NexusLabs.Needlr.Extensions.Logging.Tests/NexusLabs.Needlr.Extensions.Logging.Tests.csproj" />
    <Project Path="NexusLabs.Needlr.Generators.Tests/NexusLabs.Needlr.Generators.Tests.csproj" />
    <Project Path="NexusLabs.Needlr.Injection.Scrutor.Tests/NexusLabs.Needlr.Injection.Scrutor.Tests.csproj" />
    <Project Path="NexusLabs.Needlr.Injection.Tests/NexusLabs.Needlr.Injection.Tests.csproj" />
    <Project Path="NexusLabs.Needlr.IntegrationTests/NexusLabs.Needlr.IntegrationTests.csproj" />
    <Project Path="NexusLabs.Needlr.SemanticKernel.Tests/NexusLabs.Needlr.SemanticKernel.Tests.csproj" />
    <Project Path="NexusLabs.Needlr.SignalR.Tests/NexusLabs.Needlr.SignalR.Tests.csproj" />
    <Project Path="NexusLabs.Needlr.Tests/NexusLabs.Needlr.Tests.csproj" />
  </Folder>
  <Project Path="NexusLabs.Needlr.AspNet/NexusLabs.Needlr.AspNet.csproj" />
  <Project Path="NexusLabs.Needlr.Carter/NexusLabs.Needlr.Carter.csproj" />
  <Project Path="NexusLabs.Needlr.Extensions.Configuration/NexusLabs.Needlr.Extensions.Configuration.csproj" />
  <Project Path="NexusLabs.Needlr.Extensions.Logging/NexusLabs.Needlr.Extensions.Logging.csproj" />
  <Project Path="NexusLabs.Needlr.Generators.Attributes/NexusLabs.Needlr.Generators.Attributes.csproj" />
  <Project Path="NexusLabs.Needlr.Generators/NexusLabs.Needlr.Generators.csproj" />
  <Project Path="NexusLabs.Needlr.Injection.Bundle.Tests/NexusLabs.Needlr.Injection.Bundle.Tests.csproj" />
  <Project Path="NexusLabs.Needlr.Injection.Bundle/NexusLabs.Needlr.Injection.Bundle.csproj" />
  <Project Path="NexusLabs.Needlr.Injection.Reflection/NexusLabs.Needlr.Injection.Reflection.csproj" />
  <Project Path="NexusLabs.Needlr.Injection.Scrutor/NexusLabs.Needlr.Injection.Scrutor.csproj" />
  <Project Path="NexusLabs.Needlr.Injection.SourceGen/NexusLabs.Needlr.Injection.SourceGen.csproj" />
  <Project Path="NexusLabs.Needlr.Injection/NexusLabs.Needlr.Injection.csproj" />
  <Project Path="NexusLabs.Needlr.SemanticKernel/NexusLabs.Needlr.SemanticKernel.csproj" />
  <Project Path="NexusLabs.Needlr.SignalR/NexusLabs.Needlr.SignalR.csproj" />
  <Project Path="NexusLabs.Needlr/NexusLabs.Needlr.csproj" />
</Solution>